<?xml version="1.0" encoding="utf-8"?>
<Project ToolsVersion="4.0" xmlns="http://schemas.microsoft.com/developer/msbuild/2003">
  <ItemGroup>
    <Filter Include="Source Files">
      <UniqueIdentifier>{4FC737F1-C7A5-4376-A066-2A32D752A2FF}</UniqueIdentifier>
      <Extensions>cpp;c;cc;cxx;def;odl;idl;hpj;bat;asm;asmx</Extensions>
    </Filter>
    <Filter Include="Header Files">
      <UniqueIdentifier>{93995380-89BD-4b04-88EB-625FBE52EBFB}</UniqueIdentifier>
      <Extensions>h;hh;hpp;hxx;hm;inl;inc;xsd</Extensions>
    </Filter>
    <Filter Include="Resource Files">
      <UniqueIdentifier>{67DA6AB6-F800-4c08-8B7A-83BB121AAD01}</UniqueIdentifier>
      <Extensions>rc;ico;cur;bmp;dlg;rc2;rct;bin;rgs;gif;jpg;jpeg;jpe;resx;tiff;tif;png;wav;mfcribbon-ms</Extensions>
    </Filter>
    <Filter Include="Shaders">
      <UniqueIdentifier>{ec5760a6-1269-4bc4-a910-4e434d60e023}</UniqueIdentifier>
    </Filter>
    <Filter Include="Header Files\glm">
      <UniqueIdentifier>{16a2455e-71f7-410b-8864-fd79aeadf80b}</UniqueIdentifier>
    </Filter>
    <Filter Include="Header Files\freeglut">
      <UniqueIdentifier>{a05ef624-63a1-4656-a6ef-7028fae986ee}</UniqueIdentifier>
    </Filter>
    <Filter Include="Header Files\glew">
      <UniqueIdentifier>{8a7fcf8c-8152-4453-84a9-a35335107e32}</UniqueIdentifier>
    </Filter>
    <Filter Include="Resource Files\Libs">
      <UniqueIdentifier>{3b6e8b62-0a46-4d0a-b851-e748ca4cc7b7}</UniqueIdentifier>
    </Filter>
  </ItemGroup>
  <ItemGroup>
    <ClCompile Include="main.cpp">
      <Filter>Source Files</Filter>
    </ClCompile>
    <ClCompile Include="Engine\DebugOutput.cpp">
      <Filter>Source Files</Filter>
    </ClCompile>
    <ClCompile Include="Engine\ModelManager.cpp">
      <Filter>Source Files</Filter>
    </ClCompile>
    <ClCompile Include="Engine\SceneManager.cpp">
      <Filter>Source Files</Filter>
    </ClCompile>
    <ClCompile Include="Engine\ShaderManager.cpp">
      <Filter>Source Files</Filter>
    </ClCompile>
    <ClCompile Include="Models\Cube.cpp">
      <Filter>Source Files</Filter>
    </ClCompile>
    <ClCompile Include="Models\Tetragon.cpp">
      <Filter>Source Files</Filter>
    </ClCompile>
    <ClCompile Include="Models\Triangle.cpp">
      <Filter>Source Files</Filter>
    </ClCompile>
    <ClCompile Include="Models\RenderModel.cpp">
      <Filter>Source Files</Filter>
    </ClCompile>
    <ClCompile Include="Engine\Engine.cpp">
      <Filter>Source Files</Filter>
    </ClCompile>
    <ClCompile Include="Engine\TextureLoader.cpp">
      <Filter>Source Files</Filter>
    </ClCompile>
    <ClCompile Include="Models\Sphere.cpp">
      <Filter>Source Files</Filter>
    </ClCompile>
  </ItemGroup>
  <ItemGroup>
    <ClInclude Include="Structures\VertexFormat.h">
      <Filter>Header Files</Filter>
    </ClInclude>
    <ClInclude Include="Structures\WindowInfo.h">
      <Filter>Header Files</Filter>
    </ClInclude>
    <ClInclude Include="Structures\ContextInfo.h">
      <Filter>Header Files</Filter>
    </ClInclude>
    <ClInclude Include="Structures\FramebufferInfo.h">
      <Filter>Header Files</Filter>
    </ClInclude>
    <ClInclude Include="Interfaces\GLUTListener.h">
      <Filter>Header Files</Filter>
    </ClInclude>
    <ClInclude Include="Interfaces\RenderObject.h">
      <Filter>Header Files</Filter>
    </ClInclude>
    <ClInclude Include="Engine\DebugOutput.h">
      <Filter>Header Files</Filter>
    </ClInclude>
    <ClInclude Include="Engine\ModelManager.h">
      <Filter>Header Files</Filter>
    </ClInclude>
    <ClInclude Include="Engine\SceneManager.h">
      <Filter>Header Files</Filter>
    </ClInclude>
    <ClInclude Include="Engine\ShaderManager.h">
      <Filter>Header Files</Filter>
    </ClInclude>
    <ClInclude Include="Models\Cube.h">
      <Filter>Header Files</Filter>
    </ClInclude>
    <ClInclude Include="Models\Tetragon.h">
      <Filter>Header Files</Filter>
    </ClInclude>
    <ClInclude Include="Models\Triangle.h">
      <Filter>Header Files</Filter>
    </ClInclude>
    <ClInclude Include="Models\RenderModel.h">
      <Filter>Header Files</Filter>
    </ClInclude>
    <ClInclude Include="Engine\Engine.h">
      <Filter>Header Files</Filter>
    </ClInclude>
    <ClInclude Include="Libs\GLWrapper.h">
      <Filter>Header Files</Filter>
    </ClInclude>
    <ClInclude Include="Engine\TextureLoader.h">
      <Filter>Header Files</Filter>
    </ClInclude>
    <ClInclude Include="Libs\glewWrapper.h">
      <Filter>Header Files</Filter>
    </ClInclude>
    <ClInclude Include="Libs\glutWrapper.h">
      <Filter>Header Files</Filter>
    </ClInclude>
    <ClInclude Include="Structures\BMPHeader.h">
      <Filter>Header Files</Filter>
    </ClInclude>
    <ClInclude Include="Models\Sphere.h">
      <Filter>Header Files</Filter>
    </ClInclude>
  </ItemGroup>
  <ItemGroup>
    <None Include="freeglut.dll">
      <Filter>Resource Files\Libs</Filter>
    </None>
    <None Include="glew32.dll">
      <Filter>Resource Files\Libs</Filter>
    </None>
    <None Include="Shaders\VertexColorShader.glsl">
      <Filter>Shaders</Filter>
    </None>
    <None Include="Shaders\VertexTextureShader.glsl" />
    <None Include="Shaders\FragmentColorShader.glsl">
      <Filter>Shaders</Filter>
    </None>
    <None Include="Shaders\FragmentTextureShader.glsl" />
    <None Include="Shaders\VertexShader.glsl" />
    <None Include="Shaders\FragmentShader.glsl" />
  </ItemGroup>
</Project>